
Microsoft Visual Studio Solution File, Format Version 12.00
# Visual Studio 15
VisualStudioVersion = 15.0.28010.2050
MinimumVisualStudioVersion = 10.0.40219.1
Project("{2150E333-8FDC-42A3-9474-1A3956D46DE8}") = "10 Presentation Layer", "10 Presentation Layer", "{683FDAA7-0BCE-465B-97CA-056CC8EFD230}"
EndProject
Project("{2150E333-8FDC-42A3-9474-1A3956D46DE8}") = "20 Business Layer", "20 Business Layer", "{EA280B2B-5E70-4C31-80AE-C2747C9841CD}"
EndProject
Project("{2150E333-8FDC-42A3-9474-1A3956D46DE8}") = "30 Domain Layer", "30 Domain Layer", "{49A9AEEE-61EF-44E0-89FC-72F6CFB8085D}"
EndProject
Project("{2150E333-8FDC-42A3-9474-1A3956D46DE8}") = "40 Data Layer", "40 Data Layer", "{41E16B59-B926-43E5-B23F-756E05C96231}"
EndProject
Project("{9A19103F-16F7-4668-BE54-9A1E7A4F7556}") = "NuanceToLuis", "NuanceToLuis\NuanceToLuis.csproj", "{D6D410EA-2ACA-4EFB-8AD1-2C9C9F48A140}"
EndProject
Project("{9A19103F-16F7-4668-BE54-9A1E7A4F7556}") = "DigitalDias.Domain", "DigitalDias.Domain\DigitalDias.Domain.csproj", "{6D18F166-65E1-4F79-B5C9-B6F50CC28B76}"
EndProject
Project("{9A19103F-16F7-4668-BE54-9A1E7A4F7556}") = "DigitalDias.Business", "Digitaldias.Business\DigitalDias.Business.csproj", "{65B3E058-8585-49AC-B944-52FBEB1C0B92}"
EndProject
Project("{9A19103F-16F7-4668-BE54-9A1E7A4F7556}") = "DigitalDias.Data.File", "DigitalDias.Data.File\DigitalDias.Data.File.csproj", "{69BF1F5C-DF15-4909-907D-9A74AFB5499E}"
EndProject
Global
	GlobalSection(SolutionConfigurationPlatforms) = preSolution
		Debug|Any CPU = Debug|Any CPU
		Debug|x64 = Debug|x64
		Release|Any CPU = Release|Any CPU
		Release|x64 = Release|x64
	EndGlobalSection
	GlobalSection(ProjectConfigurationPlatforms) = postSolution
		{D6D410EA-2ACA-4EFB-8AD1-2C9C9F48A140}.Debug|Any CPU.ActiveCfg = Debug|Any CPU
		{D6D410EA-2ACA-4EFB-8AD1-2C9C9F48A140}.Debug|Any CPU.Build.0 = Debug|Any CPU
		{D6D410EA-2ACA-4EFB-8AD1-2C9C9F48A140}.Debug|x64.ActiveCfg = Debug|x64
		{D6D410EA-2ACA-4EFB-8AD1-2C9C9F48A140}.Debug|x64.Build.0 = Debug|x64
		{D6D410EA-2ACA-4EFB-8AD1-2C9C9F48A140}.Release|Any CPU.ActiveCfg = Release|Any CPU
		{D6D410EA-2ACA-4EFB-8AD1-2C9C9F48A140}.Release|Any CPU.Build.0 = Release|Any CPU
		{D6D410EA-2ACA-4EFB-8AD1-2C9C9F48A140}.Release|x64.ActiveCfg = Release|x64
		{D6D410EA-2ACA-4EFB-8AD1-2C9C9F48A140}.Release|x64.Build.0 = Release|x64
		{6D18F166-65E1-4F79-B5C9-B6F50CC28B76}.Debug|Any CPU.ActiveCfg = Debug|Any CPU
		{6D18F166-65E1-4F79-B5C9-B6F50CC28B76}.Debug|Any CPU.Build.0 = Debug|Any CPU
		{6D18F166-65E1-4F79-B5C9-B6F50CC28B76}.Debug|x64.ActiveCfg = Debug|Any CPU
		{6D18F166-65E1-4F79-B5C9-B6F50CC28B76}.Debug|x64.Build.0 = Debug|Any CPU
		{6D18F166-65E1-4F79-B5C9-B6F50CC28B76}.Release|Any CPU.ActiveCfg = Release|Any CPU
		{6D18F166-65E1-4F79-B5C9-B6F50CC28B76}.Release|Any CPU.Build.0 = Release|Any CPU
		{6D18F166-65E1-4F79-B5C9-B6F50CC28B76}.Release|x64.ActiveCfg = Release|Any CPU
		{6D18F166-65E1-4F79-B5C9-B6F50CC28B76}.Release|x64.Build.0 = Release|Any CPU
		{65B3E058-8585-49AC-B944-52FBEB1C0B92}.Debug|Any CPU.ActiveCfg = Debug|Any CPU
		{65B3E058-8585-49AC-B944-52FBEB1C0B92}.Debug|Any CPU.Build.0 = Debug|Any CPU
		{65B3E058-8585-49AC-B944-52FBEB1C0B92}.Debug|x64.ActiveCfg = Debug|Any CPU
		{65B3E058-8585-49AC-B944-52FBEB1C0B92}.Debug|x64.Build.0 = Debug|Any CPU
		{65B3E058-8585-49AC-B944-52FBEB1C0B92}.Release|Any CPU.ActiveCfg = Release|Any CPU
		{65B3E058-8585-49AC-B944-52FBEB1C0B92}.Release|Any CPU.Build.0 = Release|Any CPU
		{65B3E058-8585-49AC-B944-52FBEB1C0B92}.Release|x64.ActiveCfg = Release|Any CPU
		{65B3E058-8585-49AC-B944-52FBEB1C0B92}.Release|x64.Build.0 = Release|Any CPU
		{69BF1F5C-DF15-4909-907D-9A74AFB5499E}.Debug|Any CPU.ActiveCfg = Debug|Any CPU
		{69BF1F5C-DF15-4909-907D-9A74AFB5499E}.Debug|Any CPU.Build.0 = Debug|Any CPU
		{69BF1F5C-DF15-4909-907D-9A74AFB5499E}.Debug|x64.ActiveCfg = Debug|Any CPU
		{69BF1F5C-DF15-4909-907D-9A74AFB5499E}.Debug|x64.Build.0 = Debug|Any CPU
		{69BF1F5C-DF15-4909-907D-9A74AFB5499E}.Release|Any CPU.ActiveCfg = Release|Any CPU
		{69BF1F5C-DF15-4909-907D-9A74AFB5499E}.Release|Any CPU.Build.0 = Release|Any CPU
		{69BF1F5C-DF15-4909-907D-9A74AFB5499E}.Release|x64.ActiveCfg = Release|Any CPU
		{69BF1F5C-DF15-4909-907D-9A74AFB5499E}.Release|x64.Build.0 = Release|Any CPU
	EndGlobalSection
	GlobalSection(SolutionProperties) = preSolution
		HideSolutionNode = FALSE
	EndGlobalSection
	GlobalSection(NestedProjects) = preSolution
		{D6D410EA-2ACA-4EFB-8AD1-2C9C9F48A140} = {683FDAA7-0BCE-465B-97CA-056CC8EFD230}
		{6D18F166-65E1-4F79-B5C9-B6F50CC28B76} = {49A9AEEE-61EF-44E0-89FC-72F6CFB8085D}
		{65B3E058-8585-49AC-B944-52FBEB1C0B92} = {EA280B2B-5E70-4C31-80AE-C2747C9841CD}
		{69BF1F5C-DF15-4909-907D-9A74AFB5499E} = {41E16B59-B926-43E5-B23F-756E05C96231}
	EndGlobalSection
	GlobalSection(ExtensibilityGlobals) = postSolution
		SolutionGuid = {945B40FB-2DF5-49B6-B487-E4D4CCC6A6F9}
	EndGlobalSection
EndGlobal
